// !$*UTF8*$!
{
	archiveVersion = 1;
	classes = {
	};
	objectVersion = 56;
	objects = {

/* Begin PBXBuildFile section */
		6A63EB492CCCAEED001EEE79 /* printCustomerData.cpp in Sources */ = {isa = PBXBuildFile; fileRef = 6A63EB472CCCAEED001EEE79 /* printCustomerData.cpp */; };
		6AA22B1A2CC6C7610094CC94 /* main.cpp in Sources */ = {isa = PBXBuildFile; fileRef = 6AA22B192CC6C7610094CC94 /* main.cpp */; };
		6AA22B322CC6CD800094CC94 /* customerManager.cpp in Sources */ = {isa = PBXBuildFile; fileRef = 6AA22B302CC6CD800094CC94 /* customerManager.cpp */; };
/* End PBXBuildFile section */

/* Begin PBXCopyFilesBuildPhase section */
		6AA22B142CC6C7610094CC94 /* CopyFiles */ = {
			isa = PBXCopyFilesBuildPhase;
			buildActionMask = 2147483647;
			dstPath = /usr/share/man/man1/;
			dstSubfolderSpec = 0;
			files = (
			);
			runOnlyForDeploymentPostprocessing = 1;
		};
/* End PBXCopyFilesBuildPhase section */

/* Begin PBXFileReference section */
		6A63EB472CCCAEED001EEE79 /* printCustomerData.cpp */ = {isa = PBXFileReference; lastKnownFileType = sourcecode.cpp.cpp; path = printCustomerData.cpp; sourceTree = "<group>"; };
		6A63EB482CCCAEED001EEE79 /* printCustomerData.hpp */ = {isa = PBXFileReference; lastKnownFileType = sourcecode.cpp.h; path = printCustomerData.hpp; sourceTree = "<group>"; };
		6A63EB4C2CCCB1EF001EEE79 /* customerAddress.hpp */ = {isa = PBXFileReference; lastKnownFileType = sourcecode.cpp.h; path = customerAddress.hpp; sourceTree = "<group>"; };
		6AA22B162CC6C7610094CC94 /* classActivity25 */ = {isa = PBXFileReference; explicitFileType = "compiled.mach-o.executable"; includeInIndex = 0; path = classActivity25; sourceTree = BUILT_PRODUCTS_DIR; };
		6AA22B192CC6C7610094CC94 /* main.cpp */ = {isa = PBXFileReference; lastKnownFileType = sourcecode.cpp.cpp; path = main.cpp; sourceTree = "<group>"; };
		6AA22B222CC6C9E80094CC94 /* customer.hpp */ = {isa = PBXFileReference; lastKnownFileType = sourcecode.cpp.h; path = customer.hpp; sourceTree = "<group>"; };
		6AA22B302CC6CD800094CC94 /* customerManager.cpp */ = {isa = PBXFileReference; lastKnownFileType = sourcecode.cpp.cpp; path = customerManager.cpp; sourceTree = "<group>"; };
		6AA22B312CC6CD800094CC94 /* customerManager.hpp */ = {isa = PBXFileReference; lastKnownFileType = sourcecode.cpp.h; path = customerManager.hpp; sourceTree = "<group>"; };
/* End PBXFileReference section */

/* Begin PBXFrameworksBuildPhase section */
		6AA22B132CC6C7610094CC94 /* Frameworks */ = {
			isa = PBXFrameworksBuildPhase;
			buildActionMask = 2147483647;
			files = (
			);
			runOnlyForDeploymentPostprocessing = 0;
		};
/* End PBXFrameworksBuildPhase section */

/* Begin PBXGroup section */
		6A63EB462CCCAEDD001EEE79 /* printCustomerData */ = {
			isa = PBXGroup;
			children = (
				6A63EB472CCCAEED001EEE79 /* printCustomerData.cpp */,
				6A63EB482CCCAEED001EEE79 /* printCustomerData.hpp */,
			);
			path = printCustomerData;
			sourceTree = "<group>";
		};
		6A63EB4A2CCCB159001EEE79 /* customerAddress */ = {
			isa = PBXGroup;
			children = (
				6A63EB4C2CCCB1EF001EEE79 /* customerAddress.hpp */,
			);
			path = customerAddress;
			sourceTree = "<group>";
		};
		6AA22B0D2CC6C7610094CC94 = {
			isa = PBXGroup;
			children = (
				6AA22B182CC6C7610094CC94 /* classActivity25 */,
				6AA22B172CC6C7610094CC94 /* Products */,
			);
			sourceTree = "<group>";
		};
		6AA22B172CC6C7610094CC94 /* Products */ = {
			isa = PBXGroup;
			children = (
				6AA22B162CC6C7610094CC94 /* classActivity25 */,
			);
			name = Products;
			sourceTree = "<group>";
		};
		6AA22B182CC6C7610094CC94 /* classActivity25 */ = {
			isa = PBXGroup;
			children = (
				6A63EB462CCCAEDD001EEE79 /* printCustomerData */,
				6AA22B2B2CC6CD260094CC94 /* customerManager */,
				6AA22B202CC6C9C70094CC94 /* customer */,
				6A63EB4A2CCCB159001EEE79 /* customerAddress */,
				6AA22B192CC6C7610094CC94 /* main.cpp */,
			);
			path = classActivity25;
			sourceTree = "<group>";
		};
		6AA22B202CC6C9C70094CC94 /* customer */ = {
			isa = PBXGroup;
			children = (
				6AA22B222CC6C9E80094CC94 /* customer.hpp */,
			);
			path = customer;
			sourceTree = "<group>";
		};
		6AA22B2B2CC6CD260094CC94 /* customerManager */ = {
			isa = PBXGroup;
			children = (
				6AA22B302CC6CD800094CC94 /* customerManager.cpp */,
				6AA22B312CC6CD800094CC94 /* customerManager.hpp */,
			);
			path = customerManager;
			sourceTree = "<group>";
		};
/* End PBXGroup section */

/* Begin PBXNativeTarget section */
		6AA22B152CC6C7610094CC94 /* classActivity25 */ = {
			isa = PBXNativeTarget;
			buildConfigurationList = 6AA22B1D2CC6C7610094CC94 /* Build configuration list for PBXNativeTarget "classActivity25" */;
			buildPhases = (
				6AA22B122CC6C7610094CC94 /* Sources */,
				6AA22B132CC6C7610094CC94 /* Frameworks */,
				6AA22B142CC6C7610094CC94 /* CopyFiles */,
			);
			buildRules = (
			);
			dependencies = (
			);
			name = classActivity25;
			productName = classActivity24;
			productReference = 6AA22B162CC6C7610094CC94 /* classActivity25 */;
			productType = "com.apple.product-type.tool";
		};
/* End PBXNativeTarget section */

/* Begin PBXProject section */
		6AA22B0E2CC6C7610094CC94 /* Project object */ = {
			isa = PBXProject;
			attributes = {
				BuildIndependentTargetsInParallel = 1;
				LastUpgradeCheck = 1540;
				TargetAttributes = {
					6AA22B152CC6C7610094CC94 = {
						CreatedOnToolsVersion = 15.4;
					};
				};
			};
			buildConfigurationList = 6AA22B112CC6C7610094CC94 /* Build configuration list for PBXProject "classActivity25" */;
			compatibilityVersion = "Xcode 14.0";
			developmentRegion = en;
			hasScannedForEncodings = 0;
			knownRegions = (
				en,
				Base,
			);
			mainGroup = 6AA22B0D2CC6C7610094CC94;
			productRefGroup = 6AA22B172CC6C7610094CC94 /* Products */;
			projectDirPath = "";
			projectRoot = "";
			targets = (
				6AA22B152CC6C7610094CC94 /* classActivity25 */,
			);
		};
/* End PBXProject section */

/* Begin PBXSourcesBuildPhase section */
		6AA22B122CC6C7610094CC94 /* Sources */ = {
			isa = PBXSourcesBuildPhase;
			buildActionMask = 2147483647;
			files = (
				6A63EB492CCCAEED001EEE79 /* printCustomerData.cpp in Sources */,
				6AA22B322CC6CD800094CC94 /* customerManager.cpp in Sources */,
				6AA22B1A2CC6C7610094CC94 /* main.cpp in Sources */,
			);
			runOnlyForDeploymentPostprocessing = 0;
		};
/* End PBXSourcesBuildPhase section */

/* Begin XCBuildConfiguration section */
		6AA22B1B2CC6C7610094CC94 /* Debug */ = {
			isa = XCBuildConfiguration;
			buildSettings = {
				ALWAYS_SEARCH_USER_PATHS = NO;
				ASSETCATALOG_COMPILER_GENERATE_SWIFT_ASSET_SYMBOL_EXTENSIONS = YES;
				CLANG_ANALYZER_NONNULL = YES;
				CLANG_ANALYZER_NUMBER_OBJECT_CONVERSION = YES_AGGRESSIVE;
				CLANG_CXX_LANGUAGE_STANDARD = "gnu++20";
				CLANG_ENABLE_MODULES = YES;
				CLANG_ENABLE_OBJC_ARC = YES;
				CLANG_ENABLE_OBJC_WEAK = YES;
				CLANG_WARN_BLOCK_CAPTURE_AUTORELEASING = YES;
				CLANG_WARN_BOOL_CONVERSION = YES;
				CLANG_WARN_COMMA = YES;
				CLANG_WARN_CONSTANT_CONVERSION = YES;
				CLANG_WARN_DEPRECATED_OBJC_IMPLEMENTATIONS = YES;
				CLANG_WARN_DIRECT_OBJC_ISA_USAGE = YES_ERROR;
				CLANG_WARN_DOCUMENTATION_COMMENTS = YES;
				CLANG_WARN_EMPTY_BODY = YES;
				CLANG_WARN_ENUM_CONVERSION = YES;
				CLANG_WARN_INFINITE_RECURSION = YES;
				CLANG_WARN_INT_CONVERSION = YES;
				CLANG_WARN_NON_LITERAL_NULL_CONVERSION = YES;
				CLANG_WARN_OBJC_IMPLICIT_RETAIN_SELF = YES;
				CLANG_WARN_OBJC_LITERAL_CONVERSION = YES;
				CLANG_WARN_OBJC_ROOT_CLASS = YES_ERROR;
				CLANG_WARN_QUOTED_INCLUDE_IN_FRAMEWORK_HEADER = YES;
				CLANG_WARN_RANGE_LOOP_ANALYSIS = YES;
				CLANG_WARN_STRICT_PROTOTYPES = YES;
				CLANG_WARN_SUSPICIOUS_MOVE = YES;
				CLANG_WARN_UNGUARDED_AVAILABILITY = YES_AGGRESSIVE;
				CLANG_WARN_UNREACHABLE_CODE = YES;
				CLANG_WARN__DUPLICATE_METHOD_MATCH = YES;
				COPY_PHASE_STRIP = NO;
				DEBUG_INFORMATION_FORMAT = dwarf;
				ENABLE_STRICT_OBJC_MSGSEND = YES;
				ENABLE_TESTABILITY = YES;
				ENABLE_USER_SCRIPT_SANDBOXING = YES;
				GCC_C_LANGUAGE_STANDARD = gnu17;
				GCC_DYNAMIC_NO_PIC = NO;
				GCC_NO_COMMON_BLOCKS = YES;
				GCC_OPTIMIZATION_LEVEL = 0;
				GCC_PREPROCESSOR_DEFINITIONS = (
					"DEBUG=1",
					"$(inherited)",
				);
				GCC_WARN_64_TO_32_BIT_CONVERSION = YES;
				GCC_WARN_ABOUT_RETURN_TYPE = YES_ERROR;
				GCC_WARN_UNDECLARED_SELECTOR = YES;
				GCC_WARN_UNINITIALIZED_AUTOS = YES_AGGRESSIVE;
				GCC_WARN_UNUSED_FUNCTION = YES;
				GCC_WARN_UNUSED_VARIABLE = YES;
				LOCALIZATION_PREFERS_STRING_CATALOGS = YES;
				MACOSX_DEPLOYMENT_TARGET = 14.5;
				MTL_ENABLE_DEBUG_INFO = INCLUDE_SOURCE;
				MTL_FAST_MATH = YES;
				ONLY_ACTIVE_ARCH = YES;
				SDKROOT = macosx;
			};
			name = Debug;
		};
		6AA22B1C2CC6C7610094CC94 /* Release */ = {
			isa = XCBuildConfiguration;
			buildSettings = {
				ALWAYS_SEARCH_USER_PATHS = NO;
				ASSETCATALOG_COMPILER_GENERATE_SWIFT_ASSET_SYMBOL_EXTENSIONS = YES;
				CLANG_ANALYZER_NONNULL = YES;
				CLANG_ANALYZER_NUMBER_OBJECT_CONVERSION = YES_AGGRESSIVE;
				CLANG_CXX_LANGUAGE_STANDARD = "gnu++20";
				CLANG_ENABLE_MODULES = YES;
				CLANG_ENABLE_OBJC_ARC = YES;
				CLANG_ENABLE_OBJC_WEAK = YES;
				CLANG_WARN_BLOCK_CAPTURE_AUTORELEASING = YES;
				CLANG_WARN_BOOL_CONVERSION = YES;
				CLANG_WARN_COMMA = YES;
				CLANG_WARN_CONSTANT_CONVERSION = YES;
				CLANG_WARN_DEPRECATED_OBJC_IMPLEMENTATIONS = YES;
				CLANG_WARN_DIRECT_OBJC_ISA_USAGE = YES_ERROR;
				CLANG_WARN_DOCUMENTATION_COMMENTS = YES;
				CLANG_WARN_EMPTY_BODY = YES;
				CLANG_WARN_ENUM_CONVERSION = YES;
				CLANG_WARN_INFINITE_RECURSION = YES;
				CLANG_WARN_INT_CONVERSION = YES;
				CLANG_WARN_NON_LITERAL_NULL_CONVERSION = YES;
				CLANG_WARN_OBJC_IMPLICIT_RETAIN_SELF = YES;
				CLANG_WARN_OBJC_LITERAL_CONVERSION = YES;
				CLANG_WARN_OBJC_ROOT_CLASS = YES_ERROR;
				CLANG_WARN_QUOTED_INCLUDE_IN_FRAMEWORK_HEADER = YES;
				CLANG_WARN_RANGE_LOOP_ANALYSIS = YES;
				CLANG_WARN_STRICT_PROTOTYPES = YES;
				CLANG_WARN_SUSPICIOUS_MOVE = YES;
				CLANG_WARN_UNGUARDED_AVAILABILITY = YES_AGGRESSIVE;
				CLANG_WARN_UNREACHABLE_CODE = YES;
				CLANG_WARN__DUPLICATE_METHOD_MATCH = YES;
				COPY_PHASE_STRIP = NO;
				DEBUG_INFORMATION_FORMAT = "dwarf-with-dsym";
				ENABLE_NS_ASSERTIONS = NO;
				ENABLE_STRICT_OBJC_MSGSEND = YES;
				ENABLE_USER_SCRIPT_SANDBOXING = YES;
				GCC_C_LANGUAGE_STANDARD = gnu17;
				GCC_NO_COMMON_BLOCKS = YES;
				GCC_WARN_64_TO_32_BIT_CONVERSION = YES;
				GCC_WARN_ABOUT_RETURN_TYPE = YES_ERROR;
				GCC_WARN_UNDECLARED_SELECTOR = YES;
				GCC_WARN_UNINITIALIZED_AUTOS = YES_AGGRESSIVE;
				GCC_WARN_UNUSED_FUNCTION = YES;
				GCC_WARN_UNUSED_VARIABLE = YES;
				LOCALIZATION_PREFERS_STRING_CATALOGS = YES;
				MACOSX_DEPLOYMENT_TARGET = 14.5;
				MTL_ENABLE_DEBUG_INFO = NO;
				MTL_FAST_MATH = YES;
				SDKROOT = macosx;
			};
			name = Release;
		};
		6AA22B1E2CC6C7610094CC94 /* Debug */ = {
			isa = XCBuildConfiguration;
			buildSettings = {
				CODE_SIGN_STYLE = Automatic;
				PRODUCT_NAME = "$(TARGET_NAME)";
			};
			name = Debug;
		};
		6AA22B1F2CC6C7610094CC94 /* Release */ = {
			isa = XCBuildConfiguration;
			buildSettings = {
				CODE_SIGN_STYLE = Automatic;
				PRODUCT_NAME = "$(TARGET_NAME)";
			};
			name = Release;
		};
/* End XCBuildConfiguration section */

/* Begin XCConfigurationList section */
		6AA22B112CC6C7610094CC94 /* Build configuration list for PBXProject "classActivity25" */ = {
			isa = XCConfigurationList;
			buildConfigurations = (
				6AA22B1B2CC6C7610094CC94 /* Debug */,
				6AA22B1C2CC6C7610094CC94 /* Release */,
			);
			defaultConfigurationIsVisible = 0;
			defaultConfigurationName = Release;
		};
		6AA22B1D2CC6C7610094CC94 /* Build configuration list for PBXNativeTarget "classActivity25" */ = {
			isa = XCConfigurationList;
			buildConfigurations = (
				6AA22B1E2CC6C7610094CC94 /* Debug */,
				6AA22B1F2CC6C7610094CC94 /* Release */,
			);
			defaultConfigurationIsVisible = 0;
			defaultConfigurationName = Release;
		};
/* End XCConfigurationList section */
	};
	rootObject = 6AA22B0E2CC6C7610094CC94 /* Project object */;
}
