// !$*UTF8*$!
{
	archiveVersion = 1;
	classes = {
	};
	objectVersion = 56;
	objects = {

/* Begin PBXBuildFile section */
		6A7529452CBE1EC9004C3F0A /* main.cpp in Sources */ = {isa = PBXBuildFile; fileRef = 6A7529442CBE1EC9004C3F0A /* main.cpp */; };
		6A7529542CBE1FC9004C3F0A /* resizeArray.cpp in Sources */ = {isa = PBXBuildFile; fileRef = 6A7529522CBE1FC9004C3F0A /* resizeArray.cpp */; };
		6A7529572CBE1FD9004C3F0A /* inputNumbers.cpp in Sources */ = {isa = PBXBuildFile; fileRef = 6A7529552CBE1FD9004C3F0A /* inputNumbers.cpp */; };
		6A75295B2CBE230B004C3F0A /* getSum.cpp in Sources */ = {isa = PBXBuildFile; fileRef = 6A7529592CBE230B004C3F0A /* getSum.cpp */; };
/* End PBXBuildFile section */

/* Begin PBXCopyFilesBuildPhase section */
		6A75293F2CBE1EC9004C3F0A /* CopyFiles */ = {
			isa = PBXCopyFilesBuildPhase;
			buildActionMask = 2147483647;
			dstPath = /usr/share/man/man1/;
			dstSubfolderSpec = 0;
			files = (
			);
			runOnlyForDeploymentPostprocessing = 1;
		};
/* End PBXCopyFilesBuildPhase section */

/* Begin PBXFileReference section */
		6A7529412CBE1EC9004C3F0A /* classActivity21 */ = {isa = PBXFileReference; explicitFileType = "compiled.mach-o.executable"; includeInIndex = 0; path = classActivity21; sourceTree = BUILT_PRODUCTS_DIR; };
		6A7529442CBE1EC9004C3F0A /* main.cpp */ = {isa = PBXFileReference; lastKnownFileType = sourcecode.cpp.cpp; path = main.cpp; sourceTree = "<group>"; };
		6A7529522CBE1FC9004C3F0A /* resizeArray.cpp */ = {isa = PBXFileReference; lastKnownFileType = sourcecode.cpp.cpp; path = resizeArray.cpp; sourceTree = "<group>"; };
		6A7529532CBE1FC9004C3F0A /* resizeArray.hpp */ = {isa = PBXFileReference; lastKnownFileType = sourcecode.cpp.h; path = resizeArray.hpp; sourceTree = "<group>"; };
		6A7529552CBE1FD9004C3F0A /* inputNumbers.cpp */ = {isa = PBXFileReference; lastKnownFileType = sourcecode.cpp.cpp; path = inputNumbers.cpp; sourceTree = "<group>"; };
		6A7529562CBE1FD9004C3F0A /* inputNumbers.hpp */ = {isa = PBXFileReference; lastKnownFileType = sourcecode.cpp.h; path = inputNumbers.hpp; sourceTree = "<group>"; };
		6A7529592CBE230B004C3F0A /* getSum.cpp */ = {isa = PBXFileReference; lastKnownFileType = sourcecode.cpp.cpp; path = getSum.cpp; sourceTree = "<group>"; };
		6A75295A2CBE230B004C3F0A /* getSum.hpp */ = {isa = PBXFileReference; lastKnownFileType = sourcecode.cpp.h; path = getSum.hpp; sourceTree = "<group>"; };
/* End PBXFileReference section */

/* Begin PBXFrameworksBuildPhase section */
		6A75293E2CBE1EC9004C3F0A /* Frameworks */ = {
			isa = PBXFrameworksBuildPhase;
			buildActionMask = 2147483647;
			files = (
			);
			runOnlyForDeploymentPostprocessing = 0;
		};
/* End PBXFrameworksBuildPhase section */

/* Begin PBXGroup section */
		6A7529382CBE1EC9004C3F0A = {
			isa = PBXGroup;
			children = (
				6A7529432CBE1EC9004C3F0A /* classActivity21 */,
				6A7529422CBE1EC9004C3F0A /* Products */,
			);
			sourceTree = "<group>";
		};
		6A7529422CBE1EC9004C3F0A /* Products */ = {
			isa = PBXGroup;
			children = (
				6A7529412CBE1EC9004C3F0A /* classActivity21 */,
			);
			name = Products;
			sourceTree = "<group>";
		};
		6A7529432CBE1EC9004C3F0A /* classActivity21 */ = {
			isa = PBXGroup;
			children = (
				6A7529582CBE22FB004C3F0A /* getSum */,
				6A75294B2CBE1F12004C3F0A /* inputNumbers */,
				6A75294D2CBE1F8B004C3F0A /* resizeArray */,
				6A7529442CBE1EC9004C3F0A /* main.cpp */,
			);
			path = classActivity21;
			sourceTree = "<group>";
		};
		6A75294B2CBE1F12004C3F0A /* inputNumbers */ = {
			isa = PBXGroup;
			children = (
				6A7529552CBE1FD9004C3F0A /* inputNumbers.cpp */,
				6A7529562CBE1FD9004C3F0A /* inputNumbers.hpp */,
			);
			path = inputNumbers;
			sourceTree = "<group>";
		};
		6A75294D2CBE1F8B004C3F0A /* resizeArray */ = {
			isa = PBXGroup;
			children = (
				6A7529522CBE1FC9004C3F0A /* resizeArray.cpp */,
				6A7529532CBE1FC9004C3F0A /* resizeArray.hpp */,
			);
			path = resizeArray;
			sourceTree = "<group>";
		};
		6A7529582CBE22FB004C3F0A /* getSum */ = {
			isa = PBXGroup;
			children = (
				6A7529592CBE230B004C3F0A /* getSum.cpp */,
				6A75295A2CBE230B004C3F0A /* getSum.hpp */,
			);
			path = getSum;
			sourceTree = "<group>";
		};
/* End PBXGroup section */

/* Begin PBXNativeTarget section */
		6A7529402CBE1EC9004C3F0A /* classActivity21 */ = {
			isa = PBXNativeTarget;
			buildConfigurationList = 6A7529482CBE1EC9004C3F0A /* Build configuration list for PBXNativeTarget "classActivity21" */;
			buildPhases = (
				6A75293D2CBE1EC9004C3F0A /* Sources */,
				6A75293E2CBE1EC9004C3F0A /* Frameworks */,
				6A75293F2CBE1EC9004C3F0A /* CopyFiles */,
			);
			buildRules = (
			);
			dependencies = (
			);
			name = classActivity21;
			productName = classActivity21;
			productReference = 6A7529412CBE1EC9004C3F0A /* classActivity21 */;
			productType = "com.apple.product-type.tool";
		};
/* End PBXNativeTarget section */

/* Begin PBXProject section */
		6A7529392CBE1EC9004C3F0A /* Project object */ = {
			isa = PBXProject;
			attributes = {
				BuildIndependentTargetsInParallel = 1;
				LastUpgradeCheck = 1540;
				TargetAttributes = {
					6A7529402CBE1EC9004C3F0A = {
						CreatedOnToolsVersion = 15.4;
					};
				};
			};
			buildConfigurationList = 6A75293C2CBE1EC9004C3F0A /* Build configuration list for PBXProject "classActivity21" */;
			compatibilityVersion = "Xcode 14.0";
			developmentRegion = en;
			hasScannedForEncodings = 0;
			knownRegions = (
				en,
				Base,
			);
			mainGroup = 6A7529382CBE1EC9004C3F0A;
			productRefGroup = 6A7529422CBE1EC9004C3F0A /* Products */;
			projectDirPath = "";
			projectRoot = "";
			targets = (
				6A7529402CBE1EC9004C3F0A /* classActivity21 */,
			);
		};
/* End PBXProject section */

/* Begin PBXSourcesBuildPhase section */
		6A75293D2CBE1EC9004C3F0A /* Sources */ = {
			isa = PBXSourcesBuildPhase;
			buildActionMask = 2147483647;
			files = (
				6A75295B2CBE230B004C3F0A /* getSum.cpp in Sources */,
				6A7529542CBE1FC9004C3F0A /* resizeArray.cpp in Sources */,
				6A7529572CBE1FD9004C3F0A /* inputNumbers.cpp in Sources */,
				6A7529452CBE1EC9004C3F0A /* main.cpp in Sources */,
			);
			runOnlyForDeploymentPostprocessing = 0;
		};
/* End PBXSourcesBuildPhase section */

/* Begin XCBuildConfiguration section */
		6A7529462CBE1EC9004C3F0A /* Debug */ = {
			isa = XCBuildConfiguration;
			buildSettings = {
				ALWAYS_SEARCH_USER_PATHS = NO;
				ASSETCATALOG_COMPILER_GENERATE_SWIFT_ASSET_SYMBOL_EXTENSIONS = YES;
				CLANG_ANALYZER_NONNULL = YES;
				CLANG_ANALYZER_NUMBER_OBJECT_CONVERSION = YES_AGGRESSIVE;
				CLANG_CXX_LANGUAGE_STANDARD = "gnu++20";
				CLANG_ENABLE_MODULES = YES;
				CLANG_ENABLE_OBJC_ARC = YES;
				CLANG_ENABLE_OBJC_WEAK = YES;
				CLANG_WARN_BLOCK_CAPTURE_AUTORELEASING = YES;
				CLANG_WARN_BOOL_CONVERSION = YES;
				CLANG_WARN_COMMA = YES;
				CLANG_WARN_CONSTANT_CONVERSION = YES;
				CLANG_WARN_DEPRECATED_OBJC_IMPLEMENTATIONS = YES;
				CLANG_WARN_DIRECT_OBJC_ISA_USAGE = YES_ERROR;
				CLANG_WARN_DOCUMENTATION_COMMENTS = YES;
				CLANG_WARN_EMPTY_BODY = YES;
				CLANG_WARN_ENUM_CONVERSION = YES;
				CLANG_WARN_INFINITE_RECURSION = YES;
				CLANG_WARN_INT_CONVERSION = YES;
				CLANG_WARN_NON_LITERAL_NULL_CONVERSION = YES;
				CLANG_WARN_OBJC_IMPLICIT_RETAIN_SELF = YES;
				CLANG_WARN_OBJC_LITERAL_CONVERSION = YES;
				CLANG_WARN_OBJC_ROOT_CLASS = YES_ERROR;
				CLANG_WARN_QUOTED_INCLUDE_IN_FRAMEWORK_HEADER = YES;
				CLANG_WARN_RANGE_LOOP_ANALYSIS = YES;
				CLANG_WARN_STRICT_PROTOTYPES = YES;
				CLANG_WARN_SUSPICIOUS_MOVE = YES;
				CLANG_WARN_UNGUARDED_AVAILABILITY = YES_AGGRESSIVE;
				CLANG_WARN_UNREACHABLE_CODE = YES;
				CLANG_WARN__DUPLICATE_METHOD_MATCH = YES;
				COPY_PHASE_STRIP = NO;
				DEBUG_INFORMATION_FORMAT = dwarf;
				ENABLE_STRICT_OBJC_MSGSEND = YES;
				ENABLE_TESTABILITY = YES;
				ENABLE_USER_SCRIPT_SANDBOXING = YES;
				GCC_C_LANGUAGE_STANDARD = gnu17;
				GCC_DYNAMIC_NO_PIC = NO;
				GCC_NO_COMMON_BLOCKS = YES;
				GCC_OPTIMIZATION_LEVEL = 0;
				GCC_PREPROCESSOR_DEFINITIONS = (
					"DEBUG=1",
					"$(inherited)",
				);
				GCC_WARN_64_TO_32_BIT_CONVERSION = YES;
				GCC_WARN_ABOUT_RETURN_TYPE = YES_ERROR;
				GCC_WARN_UNDECLARED_SELECTOR = YES;
				GCC_WARN_UNINITIALIZED_AUTOS = YES_AGGRESSIVE;
				GCC_WARN_UNUSED_FUNCTION = YES;
				GCC_WARN_UNUSED_VARIABLE = YES;
				LOCALIZATION_PREFERS_STRING_CATALOGS = YES;
				MACOSX_DEPLOYMENT_TARGET = 14.5;
				MTL_ENABLE_DEBUG_INFO = INCLUDE_SOURCE;
				MTL_FAST_MATH = YES;
				ONLY_ACTIVE_ARCH = YES;
				SDKROOT = macosx;
			};
			name = Debug;
		};
		6A7529472CBE1EC9004C3F0A /* Release */ = {
			isa = XCBuildConfiguration;
			buildSettings = {
				ALWAYS_SEARCH_USER_PATHS = NO;
				ASSETCATALOG_COMPILER_GENERATE_SWIFT_ASSET_SYMBOL_EXTENSIONS = YES;
				CLANG_ANALYZER_NONNULL = YES;
				CLANG_ANALYZER_NUMBER_OBJECT_CONVERSION = YES_AGGRESSIVE;
				CLANG_CXX_LANGUAGE_STANDARD = "gnu++20";
				CLANG_ENABLE_MODULES = YES;
				CLANG_ENABLE_OBJC_ARC = YES;
				CLANG_ENABLE_OBJC_WEAK = YES;
				CLANG_WARN_BLOCK_CAPTURE_AUTORELEASING = YES;
				CLANG_WARN_BOOL_CONVERSION = YES;
				CLANG_WARN_COMMA = YES;
				CLANG_WARN_CONSTANT_CONVERSION = YES;
				CLANG_WARN_DEPRECATED_OBJC_IMPLEMENTATIONS = YES;
				CLANG_WARN_DIRECT_OBJC_ISA_USAGE = YES_ERROR;
				CLANG_WARN_DOCUMENTATION_COMMENTS = YES;
				CLANG_WARN_EMPTY_BODY = YES;
				CLANG_WARN_ENUM_CONVERSION = YES;
				CLANG_WARN_INFINITE_RECURSION = YES;
				CLANG_WARN_INT_CONVERSION = YES;
				CLANG_WARN_NON_LITERAL_NULL_CONVERSION = YES;
				CLANG_WARN_OBJC_IMPLICIT_RETAIN_SELF = YES;
				CLANG_WARN_OBJC_LITERAL_CONVERSION = YES;
				CLANG_WARN_OBJC_ROOT_CLASS = YES_ERROR;
				CLANG_WARN_QUOTED_INCLUDE_IN_FRAMEWORK_HEADER = YES;
				CLANG_WARN_RANGE_LOOP_ANALYSIS = YES;
				CLANG_WARN_STRICT_PROTOTYPES = YES;
				CLANG_WARN_SUSPICIOUS_MOVE = YES;
				CLANG_WARN_UNGUARDED_AVAILABILITY = YES_AGGRESSIVE;
				CLANG_WARN_UNREACHABLE_CODE = YES;
				CLANG_WARN__DUPLICATE_METHOD_MATCH = YES;
				COPY_PHASE_STRIP = NO;
				DEBUG_INFORMATION_FORMAT = "dwarf-with-dsym";
				ENABLE_NS_ASSERTIONS = NO;
				ENABLE_STRICT_OBJC_MSGSEND = YES;
				ENABLE_USER_SCRIPT_SANDBOXING = YES;
				GCC_C_LANGUAGE_STANDARD = gnu17;
				GCC_NO_COMMON_BLOCKS = YES;
				GCC_WARN_64_TO_32_BIT_CONVERSION = YES;
				GCC_WARN_ABOUT_RETURN_TYPE = YES_ERROR;
				GCC_WARN_UNDECLARED_SELECTOR = YES;
				GCC_WARN_UNINITIALIZED_AUTOS = YES_AGGRESSIVE;
				GCC_WARN_UNUSED_FUNCTION = YES;
				GCC_WARN_UNUSED_VARIABLE = YES;
				LOCALIZATION_PREFERS_STRING_CATALOGS = YES;
				MACOSX_DEPLOYMENT_TARGET = 14.5;
				MTL_ENABLE_DEBUG_INFO = NO;
				MTL_FAST_MATH = YES;
				SDKROOT = macosx;
			};
			name = Release;
		};
		6A7529492CBE1EC9004C3F0A /* Debug */ = {
			isa = XCBuildConfiguration;
			buildSettings = {
				CODE_SIGN_STYLE = Automatic;
				PRODUCT_NAME = "$(TARGET_NAME)";
			};
			name = Debug;
		};
		6A75294A2CBE1EC9004C3F0A /* Release */ = {
			isa = XCBuildConfiguration;
			buildSettings = {
				CODE_SIGN_STYLE = Automatic;
				PRODUCT_NAME = "$(TARGET_NAME)";
			};
			name = Release;
		};
/* End XCBuildConfiguration section */

/* Begin XCConfigurationList section */
		6A75293C2CBE1EC9004C3F0A /* Build configuration list for PBXProject "classActivity21" */ = {
			isa = XCConfigurationList;
			buildConfigurations = (
				6A7529462CBE1EC9004C3F0A /* Debug */,
				6A7529472CBE1EC9004C3F0A /* Release */,
			);
			defaultConfigurationIsVisible = 0;
			defaultConfigurationName = Release;
		};
		6A7529482CBE1EC9004C3F0A /* Build configuration list for PBXNativeTarget "classActivity21" */ = {
			isa = XCConfigurationList;
			buildConfigurations = (
				6A7529492CBE1EC9004C3F0A /* Debug */,
				6A75294A2CBE1EC9004C3F0A /* Release */,
			);
			defaultConfigurationIsVisible = 0;
			defaultConfigurationName = Release;
		};
/* End XCConfigurationList section */
	};
	rootObject = 6A7529392CBE1EC9004C3F0A /* Project object */;
}
